
Microsoft Visual Studio Solution File, Format Version 12.00
# Visual Studio Version 16
VisualStudioVersion = 16.0.30907.101
MinimumVisualStudioVersion = 10.0.40219.1
Project("{FAE04EC0-301F-11D3-BF4B-00C04F79EFBC}") = "Fusekle", "Fusekle\Fusekle.csproj", "{2FBBBE05-3975-4D25-9109-C518DB43424C}"
EndProject
Global
	GlobalSection(SolutionConfigurationPlatforms) = preSolution
		Debug|Any CPU = Debug|Any CPU
		Release|Any CPU = Release|Any CPU
	EndGlobalSection
	GlobalSection(ProjectConfigurationPlatforms) = postSolution
		{2FBBBE05-3975-4D25-9109-C518DB43424C}.Debug|Any CPU.ActiveCfg = Debug|Any CPU
		{2FBBBE05-3975-4D25-9109-C518DB43424C}.Debug|Any CPU.Build.0 = Debug|Any CPU
		{2FBBBE05-3975-4D25-9109-C518DB43424C}.Release|Any CPU.ActiveCfg = Release|Any CPU
		{2FBBBE05-3975-4D25-9109-C518DB43424C}.Release|Any CPU.Build.0 = Release|Any CPU
	EndGlobalSection
	GlobalSection(SolutionProperties) = preSolution
		HideSolutionNode = FALSE
	EndGlobalSection
	GlobalSection(ExtensibilityGlobals) = postSolution
		SolutionGuid = {7AE288AB-02DA-495D-A745-A75BAC54DACE}
	EndGlobalSection
EndGlobal
